
Microsoft Visual Studio Solution File, Format Version 12.00
# Visual Studio Version 17
VisualStudioVersion = 17.4.33205.214
MinimumVisualStudioVersion = 10.0.40219.1
Project("{FAE04EC0-301F-11D3-BF4B-00C04F79EFBC}") = "BETGaming.Server", "BETGaming\Server\BETGaming.Server.csproj", "{5458CF04-EDF1-42C9-9D40-C77B843C0361}"
EndProject
Project("{FAE04EC0-301F-11D3-BF4B-00C04F79EFBC}") = "BETGaming.Client", "BETGaming\Client\BETGaming.Client.csproj", "{4780B584-F643-49D5-9573-AD0B3B927F49}"
EndProject
Project("{FAE04EC0-301F-11D3-BF4B-00C04F79EFBC}") = "BETGaming.Shared", "BETGaming\Shared\BETGaming.Shared.csproj", "{B6911006-D3D1-45DF-97C8-325081A70A55}"
EndProject
Global
	GlobalSection(SolutionConfigurationPlatforms) = preSolution
		Debug|Any CPU = Debug|Any CPU
		Release|Any CPU = Release|Any CPU
	EndGlobalSection
	GlobalSection(ProjectConfigurationPlatforms) = postSolution
		{5458CF04-EDF1-42C9-9D40-C77B843C0361}.Debug|Any CPU.ActiveCfg = Debug|Any CPU
		{5458CF04-EDF1-42C9-9D40-C77B843C0361}.Debug|Any CPU.Build.0 = Debug|Any CPU
		{5458CF04-EDF1-42C9-9D40-C77B843C0361}.Release|Any CPU.ActiveCfg = Release|Any CPU
		{5458CF04-EDF1-42C9-9D40-C77B843C0361}.Release|Any CPU.Build.0 = Release|Any CPU
		{4780B584-F643-49D5-9573-AD0B3B927F49}.Debug|Any CPU.ActiveCfg = Debug|Any CPU
		{4780B584-F643-49D5-9573-AD0B3B927F49}.Debug|Any CPU.Build.0 = Debug|Any CPU
		{4780B584-F643-49D5-9573-AD0B3B927F49}.Release|Any CPU.ActiveCfg = Release|Any CPU
		{4780B584-F643-49D5-9573-AD0B3B927F49}.Release|Any CPU.Build.0 = Release|Any CPU
		{B6911006-D3D1-45DF-97C8-325081A70A55}.Debug|Any CPU.ActiveCfg = Debug|Any CPU
		{B6911006-D3D1-45DF-97C8-325081A70A55}.Debug|Any CPU.Build.0 = Debug|Any CPU
		{B6911006-D3D1-45DF-97C8-325081A70A55}.Release|Any CPU.ActiveCfg = Release|Any CPU
		{B6911006-D3D1-45DF-97C8-325081A70A55}.Release|Any CPU.Build.0 = Release|Any CPU
	EndGlobalSection
	GlobalSection(SolutionProperties) = preSolution
		HideSolutionNode = FALSE
	EndGlobalSection
	GlobalSection(ExtensibilityGlobals) = postSolution
		SolutionGuid = {E2897B72-B9BE-4CBA-897D-9E12235E5977}
	EndGlobalSection
EndGlobal
